
Microsoft Visual Studio Solution File, Format Version 12.00
# Visual Studio Version 16
VisualStudioVersion = 16.0.29728.190
MinimumVisualStudioVersion = 10.0.40219.1
Project("{8BC9CEB8-8B4A-11D0-8D11-00A0C91BC942}") = "ConsoleApplication2", "ConsoleApplication2\ConsoleApplication2.vcxproj", "{17DE7CB8-886C-4057-81AC-36E5C217CB03}"
EndProject
Global
	GlobalSection(SolutionConfigurationPlatforms) = preSolution
		Debug|x64 = Debug|x64
		Debug|x86 = Debug|x86
		Release|x64 = Release|x64
		Release|x86 = Release|x86
	EndGlobalSection
	GlobalSection(ProjectConfigurationPlatforms) = postSolution
		{17DE7CB8-886C-4057-81AC-36E5C217CB03}.Debug|x64.ActiveCfg = Debug|x64
		{17DE7CB8-886C-4057-81AC-36E5C217CB03}.Debug|x64.Build.0 = Debug|x64
		{17DE7CB8-886C-4057-81AC-36E5C217CB03}.Debug|x86.ActiveCfg = Debug|Win32
		{17DE7CB8-886C-4057-81AC-36E5C217CB03}.Debug|x86.Build.0 = Debug|Win32
		{17DE7CB8-886C-4057-81AC-36E5C217CB03}.Release|x64.ActiveCfg = Release|x64
		{17DE7CB8-886C-4057-81AC-36E5C217CB03}.Release|x64.Build.0 = Release|x64
		{17DE7CB8-886C-4057-81AC-36E5C217CB03}.Release|x86.ActiveCfg = Release|Win32
		{17DE7CB8-886C-4057-81AC-36E5C217CB03}.Release|x86.Build.0 = Release|Win32
	EndGlobalSection
	GlobalSection(SolutionProperties) = preSolution
		HideSolutionNode = FALSE
	EndGlobalSection
	GlobalSection(ExtensibilityGlobals) = postSolution
		SolutionGuid = {21C8D2BE-EE34-45A5-8DF4-AA42F9EEFC94}
	EndGlobalSection
EndGlobal
